{
  "markbot": "3ef7a31c6a1b067711f10cddca225c48c4d5e20f80229a8360666189f1b61aa5",
  "markbotignore": "030a4e6e1b3b6b510514a7ae54576e2c2ef762d56236c6414ef634955d96a126",
  "css/main.css": "3200bd119fb6f9a557c2172bcdf766527d46e0d307cd2fdee15226ef0f22d4fb",
  "css/modules.css": "8a1ba27ffb3bd425520fe9f6e9353ba5c360d9b8f70214b0e0173359a538d415",
  "css/grid.css": "5f3a5494e2f64e4e7aaf83aa5763a57b78d73bb70c85f3812f4bd2d02a12596c",
  "css/type.css": "b3e9aef3c9e78ee7edc49cf2579e54c91052fd1c7b35a0ab27dd6c0aec925e9b",
  "index-320.png": "6d6bceef1adae7ea8cdc1ffaf294b5dd57e33f62d86ac69b738a96ae0f21d94c",
  "index-400.png": "87fba0e0170dea32588b41ff94876592b91a21506ccfde117cfd43dbc7867ccc",
  "index-608.png": "bc0045d92d4a6dac5d877627b219eab948835d0caf8b34eda52e5265453216c0",
  "index-960.png": "73baf5aa165f5502e4f8b60ab11c66c5891cf633f536866040d1102d5ca01c4b",
  "index-1440.png": "c0485f54f5417d1e8e2a0cfcb58b57ba3fdec9ff6bf568f379af5e607b0670fb"
}